
Microsoft Visual Studio Solution File, Format Version 12.00
# Visual Studio Version 17
VisualStudioVersion = 17.14.36414.22 d17.14
MinimumVisualStudioVersion = 10.0.40219.1
Project("{FAE04EC0-301F-11D3-BF4B-00C04F79EFBC}") = "Zaklai Ulohy", "Zaklai Ulohy\Zaklai Ulohy.csproj", "{E3501616-889D-43CE-948C-2CA990A51DC0}"
EndProject
Global
	GlobalSection(SolutionConfigurationPlatforms) = preSolution
		Debug|Any CPU = Debug|Any CPU
		Release|Any CPU = Release|Any CPU
	EndGlobalSection
	GlobalSection(ProjectConfigurationPlatforms) = postSolution
		{E3501616-889D-43CE-948C-2CA990A51DC0}.Debug|Any CPU.ActiveCfg = Debug|Any CPU
		{E3501616-889D-43CE-948C-2CA990A51DC0}.Debug|Any CPU.Build.0 = Debug|Any CPU
		{E3501616-889D-43CE-948C-2CA990A51DC0}.Release|Any CPU.ActiveCfg = Release|Any CPU
		{E3501616-889D-43CE-948C-2CA990A51DC0}.Release|Any CPU.Build.0 = Release|Any CPU
	EndGlobalSection
	GlobalSection(SolutionProperties) = preSolution
		HideSolutionNode = FALSE
	EndGlobalSection
	GlobalSection(ExtensibilityGlobals) = postSolution
		SolutionGuid = {995DC75E-A0F4-4C16-93AD-C51B89E53786}
	EndGlobalSection
EndGlobal
